<?xml version="1.0" encoding="utf-8"?>
<Project ToolsVersion="4.0" xmlns="http://schemas.microsoft.com/developer/msbuild/2003">
  <ItemGroup>
    <Filter Include="Source Files">
      <UniqueIdentifier>{4FC737F1-C7A5-4376-A066-2A32D752A2FF}</UniqueIdentifier>
      <Extensions>cpp;c;cc;cxx;def;odl;idl;hpj;bat;asm;asmx</Extensions>
    </Filter>
    <Filter Include="Header Files">
      <UniqueIdentifier>{93995380-89BD-4b04-88EB-625FBE52EBFB}</UniqueIdentifier>
      <Extensions>h;hpp;hxx;hm;inl;inc;xsd</Extensions>
    </Filter>
    <Filter Include="Resource Files">
      <UniqueIdentifier>{67DA6AB6-F800-4c08-8B7A-83BB121AAD01}</UniqueIdentifier>
      <Extensions>rc;ico;cur;bmp;dlg;rc2;rct;bin;rgs;gif;jpg;jpeg;jpe;resx;tiff;tif;png;wav;mfcribbon-ms</Extensions>
    </Filter>
  </ItemGroup>
  <ItemGroup>
    <ClCompile Include="Pelimoottori.cpp">
      <Filter>Source Files</Filter>
    </ClCompile>
    <ClCompile Include="Main.cpp">
      <Filter>Source Files</Filter>
    </ClCompile>
    <ClCompile Include="Pelihahmo.cpp">
      <Filter>Source Files</Filter>
    </ClCompile>
    <ClCompile Include="Tekstuurit.cpp">
      <Filter>Source Files</Filter>
    </ClCompile>
    <ClCompile Include="Kamera.cpp">
      <Filter>Source Files</Filter>
    </ClCompile>
    <ClCompile Include="Maailma.cpp">
      <Filter>Source Files</Filter>
    </ClCompile>
    <ClCompile Include="MediaLoader.cpp">
      <Filter>Source Files</Filter>
    </ClCompile>
    <ClCompile Include="GUI.cpp">
      <Filter>Source Files</Filter>
    </ClCompile>
    <ClCompile Include="Vihollinen.cpp">
      <Filter>Source Files</Filter>
    </ClCompile>
    <ClCompile Include="Kaupunki.cpp">
      <Filter>Source Files</Filter>
    </ClCompile>
    <ClCompile Include="PeliTila.cpp">
      <Filter>Source Files</Filter>
    </ClCompile>
    <ClCompile Include="AsePaja.cpp">
      <Filter>Source Files</Filter>
    </ClCompile>
    <ClCompile Include="Taverna.cpp">
      <Filter>Source Files</Filter>
    </ClCompile>
  </ItemGroup>
  <ItemGroup>
    <ClInclude Include="Pelimoottori.h">
      <Filter>Header Files</Filter>
    </ClInclude>
    <ClInclude Include="Main.h">
      <Filter>Header Files</Filter>
    </ClInclude>
    <ClInclude Include="Pelihahmo.h">
      <Filter>Header Files</Filter>
    </ClInclude>
    <ClInclude Include="Tekstuurit.h">
      <Filter>Header Files</Filter>
    </ClInclude>
    <ClInclude Include="Kamera.h">
      <Filter>Header Files</Filter>
    </ClInclude>
    <ClInclude Include="Maailma.h">
      <Filter>Header Files</Filter>
    </ClInclude>
    <ClInclude Include="MediaLoader.h">
      <Filter>Header Files</Filter>
    </ClInclude>
    <ClInclude Include="GUI.h">
      <Filter>Header Files</Filter>
    </ClInclude>
    <ClInclude Include="Vihollinen.h">
      <Filter>Header Files</Filter>
    </ClInclude>
    <ClInclude Include="Kaupunki.h">
      <Filter>Header Files</Filter>
    </ClInclude>
    <ClInclude Include="PeliTila.h">
      <Filter>Header Files</Filter>
    </ClInclude>
    <ClInclude Include="AsePaja.h">
      <Filter>Header Files</Filter>
    </ClInclude>
    <ClInclude Include="Taverna.h">
      <Filter>Header Files</Filter>
    </ClInclude>
  </ItemGroup>
</Project>